// !$*UTF8*$!
{
	archiveVersion = 1;
	classes = {
	};
	objectVersion = 50;
	objects = {

/* Begin PBXBuildFile section */
		4C24BEFE22B4CFFE00FB1922 /* Assets.xcassets in Resources */ = {isa = PBXBuildFile; fileRef = 4C24BEFD22B4CFFE00FB1922 /* Assets.xcassets */; };
		4C24BF0122B4CFFE00FB1922 /* Main.storyboard in Resources */ = {isa = PBXBuildFile; fileRef = 4C24BEFF22B4CFFE00FB1922 /* Main.storyboard */; };
		4C24BF0D22B4D02B00FB1922 /* OpenGL.framework in Frameworks */ = {isa = PBXBuildFile; fileRef = 4C24BF0C22B4D02B00FB1922 /* OpenGL.framework */; };
		4C24BF0F22B4D03300FB1922 /* GLUT.framework in Frameworks */ = {isa = PBXBuildFile; fileRef = 4C24BF0E22B4D03300FB1922 /* GLUT.framework */; };
		4C24BF2322B4D0D700FB1922 /* main.cpp in Sources */ = {isa = PBXBuildFile; fileRef = 4C24BF2222B4D0D700FB1922 /* main.cpp */; };
		4C24BF2522B4D33900FB1922 /* libGLTools.a in Frameworks */ = {isa = PBXBuildFile; fileRef = 4C24BF2422B4D33900FB1922 /* libGLTools.a */; };
		4C24BF2A22B4D48B00FB1922 /* brick.tga in Resources */ = {isa = PBXBuildFile; fileRef = 4C24BF2922B4D3E400FB1922 /* brick.tga */; };
		4C24BF2B22B4D48B00FB1922 /* ceiling.tga in Resources */ = {isa = PBXBuildFile; fileRef = 4C24BF2822B4D3E400FB1922 /* ceiling.tga */; };
		4C24BF2C22B4D48B00FB1922 /* floor.tga in Resources */ = {isa = PBXBuildFile; fileRef = 4C24BF2622B4D3E400FB1922 /* floor.tga */; };
		4C24BF2D22B4D48B00FB1922 /* stone.tga in Resources */ = {isa = PBXBuildFile; fileRef = 4C24BF2722B4D3E400FB1922 /* stone.tga */; };
/* End PBXBuildFile section */

/* Begin PBXFileReference section */
		4C24BEF422B4CFF900FB1922 /* TunnelDemo.app */ = {isa = PBXFileReference; explicitFileType = wrapper.application; includeInIndex = 0; path = TunnelDemo.app; sourceTree = BUILT_PRODUCTS_DIR; };
		4C24BEFD22B4CFFE00FB1922 /* Assets.xcassets */ = {isa = PBXFileReference; lastKnownFileType = folder.assetcatalog; path = Assets.xcassets; sourceTree = "<group>"; };
		4C24BF0022B4CFFE00FB1922 /* Base */ = {isa = PBXFileReference; lastKnownFileType = file.storyboard; name = Base; path = Base.lproj/Main.storyboard; sourceTree = "<group>"; };
		4C24BF0222B4CFFE00FB1922 /* Info.plist */ = {isa = PBXFileReference; lastKnownFileType = text.plist.xml; path = Info.plist; sourceTree = "<group>"; };
		4C24BF0522B4CFFE00FB1922 /* TunnelDemo.entitlements */ = {isa = PBXFileReference; lastKnownFileType = text.plist.entitlements; path = TunnelDemo.entitlements; sourceTree = "<group>"; };
		4C24BF0C22B4D02B00FB1922 /* OpenGL.framework */ = {isa = PBXFileReference; lastKnownFileType = wrapper.framework; name = OpenGL.framework; path = System/Library/Frameworks/OpenGL.framework; sourceTree = SDKROOT; };
		4C24BF0E22B4D03300FB1922 /* GLUT.framework */ = {isa = PBXFileReference; lastKnownFileType = wrapper.framework; name = GLUT.framework; path = System/Library/Frameworks/GLUT.framework; sourceTree = SDKROOT; };
		4C24BF1122B4D07700FB1922 /* GLBatchBase.h */ = {isa = PBXFileReference; fileEncoding = 4; lastKnownFileType = sourcecode.c.h; path = GLBatchBase.h; sourceTree = "<group>"; };
		4C24BF1222B4D07700FB1922 /* math3d.h */ = {isa = PBXFileReference; fileEncoding = 4; lastKnownFileType = sourcecode.c.h; path = math3d.h; sourceTree = "<group>"; };
		4C24BF1322B4D07700FB1922 /* GLTriangleBatch.h */ = {isa = PBXFileReference; fileEncoding = 4; lastKnownFileType = sourcecode.c.h; path = GLTriangleBatch.h; sourceTree = "<group>"; };
		4C24BF1422B4D07700FB1922 /* GLBatch.h */ = {isa = PBXFileReference; fileEncoding = 4; lastKnownFileType = sourcecode.c.h; path = GLBatch.h; sourceTree = "<group>"; };
		4C24BF1522B4D07700FB1922 /* GLMatrixStack.h */ = {isa = PBXFileReference; fileEncoding = 4; lastKnownFileType = sourcecode.c.h; path = GLMatrixStack.h; sourceTree = "<group>"; };
		4C24BF1622B4D07700FB1922 /* GLFrame.h */ = {isa = PBXFileReference; fileEncoding = 4; lastKnownFileType = sourcecode.c.h; path = GLFrame.h; sourceTree = "<group>"; };
		4C24BF1722B4D07700FB1922 /* GLFrustum.h */ = {isa = PBXFileReference; fileEncoding = 4; lastKnownFileType = sourcecode.c.h; path = GLFrustum.h; sourceTree = "<group>"; };
		4C24BF1822B4D07700FB1922 /* GLGeometryTransform.h */ = {isa = PBXFileReference; fileEncoding = 4; lastKnownFileType = sourcecode.c.h; path = GLGeometryTransform.h; sourceTree = "<group>"; };
		4C24BF1922B4D07700FB1922 /* GLShaderManager.h */ = {isa = PBXFileReference; fileEncoding = 4; lastKnownFileType = sourcecode.c.h; path = GLShaderManager.h; sourceTree = "<group>"; };
		4C24BF1A22B4D07700FB1922 /* StopWatch.h */ = {isa = PBXFileReference; fileEncoding = 4; lastKnownFileType = sourcecode.c.h; path = StopWatch.h; sourceTree = "<group>"; };
		4C24BF1C22B4D07700FB1922 /* glxew.h */ = {isa = PBXFileReference; fileEncoding = 4; lastKnownFileType = sourcecode.c.h; path = glxew.h; sourceTree = "<group>"; };
		4C24BF1D22B4D07700FB1922 /* wglew.h */ = {isa = PBXFileReference; fileEncoding = 4; lastKnownFileType = sourcecode.c.h; path = wglew.h; sourceTree = "<group>"; };
		4C24BF1E22B4D07700FB1922 /* glew.h */ = {isa = PBXFileReference; fileEncoding = 4; lastKnownFileType = sourcecode.c.h; path = glew.h; sourceTree = "<group>"; };
		4C24BF1F22B4D07700FB1922 /* GLTools.h */ = {isa = PBXFileReference; fileEncoding = 4; lastKnownFileType = sourcecode.c.h; path = GLTools.h; sourceTree = "<group>"; };
		4C24BF2222B4D0D700FB1922 /* main.cpp */ = {isa = PBXFileReference; lastKnownFileType = sourcecode.cpp.cpp; path = main.cpp; sourceTree = "<group>"; };
		4C24BF2422B4D33900FB1922 /* libGLTools.a */ = {isa = PBXFileReference; lastKnownFileType = archive.ar; path = libGLTools.a; sourceTree = "<group>"; };
		4C24BF2622B4D3E400FB1922 /* floor.tga */ = {isa = PBXFileReference; lastKnownFileType = file; path = floor.tga; sourceTree = "<group>"; };
		4C24BF2722B4D3E400FB1922 /* stone.tga */ = {isa = PBXFileReference; lastKnownFileType = file; path = stone.tga; sourceTree = "<group>"; };
		4C24BF2822B4D3E400FB1922 /* ceiling.tga */ = {isa = PBXFileReference; lastKnownFileType = file; path = ceiling.tga; sourceTree = "<group>"; };
		4C24BF2922B4D3E400FB1922 /* brick.tga */ = {isa = PBXFileReference; lastKnownFileType = file; path = brick.tga; sourceTree = "<group>"; };
/* End PBXFileReference section */

/* Begin PBXFrameworksBuildPhase section */
		4C24BEF122B4CFF900FB1922 /* Frameworks */ = {
			isa = PBXFrameworksBuildPhase;
			buildActionMask = 2147483647;
			files = (
				4C24BF2522B4D33900FB1922 /* libGLTools.a in Frameworks */,
				4C24BF0F22B4D03300FB1922 /* GLUT.framework in Frameworks */,
				4C24BF0D22B4D02B00FB1922 /* OpenGL.framework in Frameworks */,
			);
			runOnlyForDeploymentPostprocessing = 0;
		};
/* End PBXFrameworksBuildPhase section */

/* Begin PBXGroup section */
		4C24BEEB22B4CFF900FB1922 = {
			isa = PBXGroup;
			children = (
				4C24BEF622B4CFF900FB1922 /* TunnelDemo */,
				4C24BEF522B4CFF900FB1922 /* Products */,
				4C24BF0B22B4D02B00FB1922 /* Frameworks */,
			);
			sourceTree = "<group>";
		};
		4C24BEF522B4CFF900FB1922 /* Products */ = {
			isa = PBXGroup;
			children = (
				4C24BEF422B4CFF900FB1922 /* TunnelDemo.app */,
			);
			name = Products;
			sourceTree = "<group>";
		};
		4C24BEF622B4CFF900FB1922 /* TunnelDemo */ = {
			isa = PBXGroup;
			children = (
				4C24BF1022B4D07700FB1922 /* include */,
				4C24BF2222B4D0D700FB1922 /* main.cpp */,
				4C24BEFD22B4CFFE00FB1922 /* Assets.xcassets */,
				4C24BEFF22B4CFFE00FB1922 /* Main.storyboard */,
				4C24BF0222B4CFFE00FB1922 /* Info.plist */,
				4C24BF2922B4D3E400FB1922 /* brick.tga */,
				4C24BF2822B4D3E400FB1922 /* ceiling.tga */,
				4C24BF2622B4D3E400FB1922 /* floor.tga */,
				4C24BF2722B4D3E400FB1922 /* stone.tga */,
				4C24BF0522B4CFFE00FB1922 /* TunnelDemo.entitlements */,
			);
			path = TunnelDemo;
			sourceTree = "<group>";
		};
		4C24BF0B22B4D02B00FB1922 /* Frameworks */ = {
			isa = PBXGroup;
			children = (
				4C24BF2422B4D33900FB1922 /* libGLTools.a */,
				4C24BF0E22B4D03300FB1922 /* GLUT.framework */,
				4C24BF0C22B4D02B00FB1922 /* OpenGL.framework */,
			);
			name = Frameworks;
			sourceTree = "<group>";
		};
		4C24BF1022B4D07700FB1922 /* include */ = {
			isa = PBXGroup;
			children = (
				4C24BF1122B4D07700FB1922 /* GLBatchBase.h */,
				4C24BF1222B4D07700FB1922 /* math3d.h */,
				4C24BF1322B4D07700FB1922 /* GLTriangleBatch.h */,
				4C24BF1422B4D07700FB1922 /* GLBatch.h */,
				4C24BF1522B4D07700FB1922 /* GLMatrixStack.h */,
				4C24BF1622B4D07700FB1922 /* GLFrame.h */,
				4C24BF1722B4D07700FB1922 /* GLFrustum.h */,
				4C24BF1822B4D07700FB1922 /* GLGeometryTransform.h */,
				4C24BF1922B4D07700FB1922 /* GLShaderManager.h */,
				4C24BF1A22B4D07700FB1922 /* StopWatch.h */,
				4C24BF1B22B4D07700FB1922 /* GL */,
				4C24BF1F22B4D07700FB1922 /* GLTools.h */,
			);
			path = include;
			sourceTree = "<group>";
		};
		4C24BF1B22B4D07700FB1922 /* GL */ = {
			isa = PBXGroup;
			children = (
				4C24BF1C22B4D07700FB1922 /* glxew.h */,
				4C24BF1D22B4D07700FB1922 /* wglew.h */,
				4C24BF1E22B4D07700FB1922 /* glew.h */,
			);
			path = GL;
			sourceTree = "<group>";
		};
/* End PBXGroup section */

/* Begin PBXNativeTarget section */
		4C24BEF322B4CFF900FB1922 /* TunnelDemo */ = {
			isa = PBXNativeTarget;
			buildConfigurationList = 4C24BF0822B4CFFE00FB1922 /* Build configuration list for PBXNativeTarget "TunnelDemo" */;
			buildPhases = (
				4C24BEF022B4CFF900FB1922 /* Sources */,
				4C24BEF122B4CFF900FB1922 /* Frameworks */,
				4C24BEF222B4CFF900FB1922 /* Resources */,
			);
			buildRules = (
			);
			dependencies = (
			);
			name = TunnelDemo;
			productName = TunnelDemo;
			productReference = 4C24BEF422B4CFF900FB1922 /* TunnelDemo.app */;
			productType = "com.apple.product-type.application";
		};
/* End PBXNativeTarget section */

/* Begin PBXProject section */
		4C24BEEC22B4CFF900FB1922 /* Project object */ = {
			isa = PBXProject;
			attributes = {
				LastUpgradeCheck = 1020;
				ORGANIZATIONNAME = hys;
				TargetAttributes = {
					4C24BEF322B4CFF900FB1922 = {
						CreatedOnToolsVersion = 10.2.1;
					};
				};
			};
			buildConfigurationList = 4C24BEEF22B4CFF900FB1922 /* Build configuration list for PBXProject "TunnelDemo" */;
			compatibilityVersion = "Xcode 9.3";
			developmentRegion = en;
			hasScannedForEncodings = 0;
			knownRegions = (
				en,
				Base,
			);
			mainGroup = 4C24BEEB22B4CFF900FB1922;
			productRefGroup = 4C24BEF522B4CFF900FB1922 /* Products */;
			projectDirPath = "";
			projectRoot = "";
			targets = (
				4C24BEF322B4CFF900FB1922 /* TunnelDemo */,
			);
		};
/* End PBXProject section */

/* Begin PBXResourcesBuildPhase section */
		4C24BEF222B4CFF900FB1922 /* Resources */ = {
			isa = PBXResourcesBuildPhase;
			buildActionMask = 2147483647;
			files = (
				4C24BF2B22B4D48B00FB1922 /* ceiling.tga in Resources */,
				4C24BF2C22B4D48B00FB1922 /* floor.tga in Resources */,
				4C24BEFE22B4CFFE00FB1922 /* Assets.xcassets in Resources */,
				4C24BF0122B4CFFE00FB1922 /* Main.storyboard in Resources */,
				4C24BF2D22B4D48B00FB1922 /* stone.tga in Resources */,
				4C24BF2A22B4D48B00FB1922 /* brick.tga in Resources */,
			);
			runOnlyForDeploymentPostprocessing = 0;
		};
/* End PBXResourcesBuildPhase section */

/* Begin PBXSourcesBuildPhase section */
		4C24BEF022B4CFF900FB1922 /* Sources */ = {
			isa = PBXSourcesBuildPhase;
			buildActionMask = 2147483647;
			files = (
				4C24BF2322B4D0D700FB1922 /* main.cpp in Sources */,
			);
			runOnlyForDeploymentPostprocessing = 0;
		};
/* End PBXSourcesBuildPhase section */

/* Begin PBXVariantGroup section */
		4C24BEFF22B4CFFE00FB1922 /* Main.storyboard */ = {
			isa = PBXVariantGroup;
			children = (
				4C24BF0022B4CFFE00FB1922 /* Base */,
			);
			name = Main.storyboard;
			sourceTree = "<group>";
		};
/* End PBXVariantGroup section */

/* Begin XCBuildConfiguration section */
		4C24BF0622B4CFFE00FB1922 /* Debug */ = {
			isa = XCBuildConfiguration;
			buildSettings = {
				ALWAYS_SEARCH_USER_PATHS = NO;
				CLANG_ANALYZER_NONNULL = YES;
				CLANG_ANALYZER_NUMBER_OBJECT_CONVERSION = YES_AGGRESSIVE;
				CLANG_CXX_LANGUAGE_STANDARD = "gnu++14";
				CLANG_CXX_LIBRARY = "libc++";
				CLANG_ENABLE_MODULES = YES;
				CLANG_ENABLE_OBJC_ARC = YES;
				CLANG_ENABLE_OBJC_WEAK = YES;
				CLANG_WARN_BLOCK_CAPTURE_AUTORELEASING = YES;
				CLANG_WARN_BOOL_CONVERSION = YES;
				CLANG_WARN_COMMA = YES;
				CLANG_WARN_CONSTANT_CONVERSION = YES;
				CLANG_WARN_DEPRECATED_OBJC_IMPLEMENTATIONS = YES;
				CLANG_WARN_DIRECT_OBJC_ISA_USAGE = YES_ERROR;
				CLANG_WARN_DOCUMENTATION_COMMENTS = YES;
				CLANG_WARN_EMPTY_BODY = YES;
				CLANG_WARN_ENUM_CONVERSION = YES;
				CLANG_WARN_INFINITE_RECURSION = YES;
				CLANG_WARN_INT_CONVERSION = YES;
				CLANG_WARN_NON_LITERAL_NULL_CONVERSION = YES;
				CLANG_WARN_OBJC_IMPLICIT_RETAIN_SELF = YES;
				CLANG_WARN_OBJC_LITERAL_CONVERSION = YES;
				CLANG_WARN_OBJC_ROOT_CLASS = YES_ERROR;
				CLANG_WARN_RANGE_LOOP_ANALYSIS = YES;
				CLANG_WARN_STRICT_PROTOTYPES = YES;
				CLANG_WARN_SUSPICIOUS_MOVE = YES;
				CLANG_WARN_UNGUARDED_AVAILABILITY = YES_AGGRESSIVE;
				CLANG_WARN_UNREACHABLE_CODE = YES;
				CLANG_WARN__DUPLICATE_METHOD_MATCH = YES;
				CODE_SIGN_IDENTITY = "-";
				COPY_PHASE_STRIP = NO;
				DEBUG_INFORMATION_FORMAT = dwarf;
				ENABLE_STRICT_OBJC_MSGSEND = YES;
				ENABLE_TESTABILITY = YES;
				GCC_C_LANGUAGE_STANDARD = gnu11;
				GCC_DYNAMIC_NO_PIC = NO;
				GCC_NO_COMMON_BLOCKS = YES;
				GCC_OPTIMIZATION_LEVEL = 0;
				GCC_PREPROCESSOR_DEFINITIONS = (
					"DEBUG=1",
					"$(inherited)",
				);
				GCC_WARN_64_TO_32_BIT_CONVERSION = YES;
				GCC_WARN_ABOUT_RETURN_TYPE = YES_ERROR;
				GCC_WARN_UNDECLARED_SELECTOR = YES;
				GCC_WARN_UNINITIALIZED_AUTOS = YES_AGGRESSIVE;
				GCC_WARN_UNUSED_FUNCTION = YES;
				GCC_WARN_UNUSED_VARIABLE = YES;
				MACOSX_DEPLOYMENT_TARGET = 10.14;
				MTL_ENABLE_DEBUG_INFO = INCLUDE_SOURCE;
				MTL_FAST_MATH = YES;
				ONLY_ACTIVE_ARCH = YES;
				SDKROOT = macosx;
			};
			name = Debug;
		};
		4C24BF0722B4CFFE00FB1922 /* Release */ = {
			isa = XCBuildConfiguration;
			buildSettings = {
				ALWAYS_SEARCH_USER_PATHS = NO;
				CLANG_ANALYZER_NONNULL = YES;
				CLANG_ANALYZER_NUMBER_OBJECT_CONVERSION = YES_AGGRESSIVE;
				CLANG_CXX_LANGUAGE_STANDARD = "gnu++14";
				CLANG_CXX_LIBRARY = "libc++";
				CLANG_ENABLE_MODULES = YES;
				CLANG_ENABLE_OBJC_ARC = YES;
				CLANG_ENABLE_OBJC_WEAK = YES;
				CLANG_WARN_BLOCK_CAPTURE_AUTORELEASING = YES;
				CLANG_WARN_BOOL_CONVERSION = YES;
				CLANG_WARN_COMMA = YES;
				CLANG_WARN_CONSTANT_CONVERSION = YES;
				CLANG_WARN_DEPRECATED_OBJC_IMPLEMENTATIONS = YES;
				CLANG_WARN_DIRECT_OBJC_ISA_USAGE = YES_ERROR;
				CLANG_WARN_DOCUMENTATION_COMMENTS = YES;
				CLANG_WARN_EMPTY_BODY = YES;
				CLANG_WARN_ENUM_CONVERSION = YES;
				CLANG_WARN_INFINITE_RECURSION = YES;
				CLANG_WARN_INT_CONVERSION = YES;
				CLANG_WARN_NON_LITERAL_NULL_CONVERSION = YES;
				CLANG_WARN_OBJC_IMPLICIT_RETAIN_SELF = YES;
				CLANG_WARN_OBJC_LITERAL_CONVERSION = YES;
				CLANG_WARN_OBJC_ROOT_CLASS = YES_ERROR;
				CLANG_WARN_RANGE_LOOP_ANALYSIS = YES;
				CLANG_WARN_STRICT_PROTOTYPES = YES;
				CLANG_WARN_SUSPICIOUS_MOVE = YES;
				CLANG_WARN_UNGUARDED_AVAILABILITY = YES_AGGRESSIVE;
				CLANG_WARN_UNREACHABLE_CODE = YES;
				CLANG_WARN__DUPLICATE_METHOD_MATCH = YES;
				CODE_SIGN_IDENTITY = "-";
				COPY_PHASE_STRIP = NO;
				DEBUG_INFORMATION_FORMAT = "dwarf-with-dsym";
				ENABLE_NS_ASSERTIONS = NO;
				ENABLE_STRICT_OBJC_MSGSEND = YES;
				GCC_C_LANGUAGE_STANDARD = gnu11;
				GCC_NO_COMMON_BLOCKS = YES;
				GCC_WARN_64_TO_32_BIT_CONVERSION = YES;
				GCC_WARN_ABOUT_RETURN_TYPE = YES_ERROR;
				GCC_WARN_UNDECLARED_SELECTOR = YES;
				GCC_WARN_UNINITIALIZED_AUTOS = YES_AGGRESSIVE;
				GCC_WARN_UNUSED_FUNCTION = YES;
				GCC_WARN_UNUSED_VARIABLE = YES;
				MACOSX_DEPLOYMENT_TARGET = 10.14;
				MTL_ENABLE_DEBUG_INFO = NO;
				MTL_FAST_MATH = YES;
				SDKROOT = macosx;
			};
			name = Release;
		};
		4C24BF0922B4CFFE00FB1922 /* Debug */ = {
			isa = XCBuildConfiguration;
			buildSettings = {
				ASSETCATALOG_COMPILER_APPICON_NAME = AppIcon;
				CODE_SIGN_ENTITLEMENTS = TunnelDemo/TunnelDemo.entitlements;
				CODE_SIGN_STYLE = Automatic;
				COMBINE_HIDPI_IMAGES = YES;
				HEADER_SEARCH_PATHS = (
					"\"$(SRCROOT)/TunnelDemo/include/GLTools.h\"",
					"\"$(SRCROOT)/TunnelDemo/include/GL/glew.h\"",
				);
				INFOPLIST_FILE = TunnelDemo/Info.plist;
				LD_RUNPATH_SEARCH_PATHS = (
					"$(inherited)",
					"@executable_path/../Frameworks",
				);
				LIBRARY_SEARCH_PATHS = (
					"$(inherited)",
					"$(PROJECT_DIR)/TunnelDemo",
					"$(PROJECT_DIR)",
				);
				PRODUCT_BUNDLE_IDENTIFIER = com.hys.TunnelDemo;
				PRODUCT_NAME = "$(TARGET_NAME)";
			};
			name = Debug;
		};
		4C24BF0A22B4CFFE00FB1922 /* Release */ = {
			isa = XCBuildConfiguration;
			buildSettings = {
				ASSETCATALOG_COMPILER_APPICON_NAME = AppIcon;
				CODE_SIGN_ENTITLEMENTS = TunnelDemo/TunnelDemo.entitlements;
				CODE_SIGN_STYLE = Automatic;
				COMBINE_HIDPI_IMAGES = YES;
				HEADER_SEARCH_PATHS = (
					"\"$(SRCROOT)/TunnelDemo/include/GLTools.h\"",
					"\"$(SRCROOT)/TunnelDemo/include/GL/glew.h\"",
				);
				INFOPLIST_FILE = TunnelDemo/Info.plist;
				LD_RUNPATH_SEARCH_PATHS = (
					"$(inherited)",
					"@executable_path/../Frameworks",
				);
				LIBRARY_SEARCH_PATHS = (
					"$(inherited)",
					"$(PROJECT_DIR)/TunnelDemo",
					"$(PROJECT_DIR)",
				);
				PRODUCT_BUNDLE_IDENTIFIER = com.hys.TunnelDemo;
				PRODUCT_NAME = "$(TARGET_NAME)";
			};
			name = Release;
		};
/* End XCBuildConfiguration section */

/* Begin XCConfigurationList section */
		4C24BEEF22B4CFF900FB1922 /* Build configuration list for PBXProject "TunnelDemo" */ = {
			isa = XCConfigurationList;
			buildConfigurations = (
				4C24BF0622B4CFFE00FB1922 /* Debug */,
				4C24BF0722B4CFFE00FB1922 /* Release */,
			);
			defaultConfigurationIsVisible = 0;
			defaultConfigurationName = Release;
		};
		4C24BF0822B4CFFE00FB1922 /* Build configuration list for PBXNativeTarget "TunnelDemo" */ = {
			isa = XCConfigurationList;
			buildConfigurations = (
				4C24BF0922B4CFFE00FB1922 /* Debug */,
				4C24BF0A22B4CFFE00FB1922 /* Release */,
			);
			defaultConfigurationIsVisible = 0;
			defaultConfigurationName = Release;
		};
/* End XCConfigurationList section */
	};
	rootObject = 4C24BEEC22B4CFF900FB1922 /* Project object */;
}
