// !$*UTF8*$!
{
	archiveVersion = 1;
	classes = {
	};
	objectVersion = 50;
	objects = {

/* Begin PBXBuildFile section */
		4CF12E6022C5F701008C8B70 /* AppDelegate.m in Sources */ = {isa = PBXBuildFile; fileRef = 4CF12E5F22C5F701008C8B70 /* AppDelegate.m */; };
		4CF12E6322C5F701008C8B70 /* ViewController.m in Sources */ = {isa = PBXBuildFile; fileRef = 4CF12E6222C5F701008C8B70 /* ViewController.m */; };
		4CF12E6622C5F701008C8B70 /* Main.storyboard in Resources */ = {isa = PBXBuildFile; fileRef = 4CF12E6422C5F701008C8B70 /* Main.storyboard */; };
		4CF12E6822C5F76A008C8B70 /* Assets.xcassets in Resources */ = {isa = PBXBuildFile; fileRef = 4CF12E6722C5F76A008C8B70 /* Assets.xcassets */; };
		4CF12E6B22C5F76A008C8B70 /* LaunchScreen.storyboard in Resources */ = {isa = PBXBuildFile; fileRef = 4CF12E6922C5F76A008C8B70 /* LaunchScreen.storyboard */; };
		4CF12E6E22C5F76A008C8B70 /* main.m in Sources */ = {isa = PBXBuildFile; fileRef = 4CF12E6D22C5F76A008C8B70 /* main.m */; };
		4CF12E7622C5F856008C8B70 /* HYVertexAttribArrayBuffer.m in Sources */ = {isa = PBXBuildFile; fileRef = 4CF12E7522C5F856008C8B70 /* HYVertexAttribArrayBuffer.m */; };
/* End PBXBuildFile section */

/* Begin PBXFileReference section */
		4CF12E5B22C5F701008C8B70 /* EmitterDemo.app */ = {isa = PBXFileReference; explicitFileType = wrapper.application; includeInIndex = 0; path = EmitterDemo.app; sourceTree = BUILT_PRODUCTS_DIR; };
		4CF12E5E22C5F701008C8B70 /* AppDelegate.h */ = {isa = PBXFileReference; lastKnownFileType = sourcecode.c.h; path = AppDelegate.h; sourceTree = "<group>"; };
		4CF12E5F22C5F701008C8B70 /* AppDelegate.m */ = {isa = PBXFileReference; lastKnownFileType = sourcecode.c.objc; path = AppDelegate.m; sourceTree = "<group>"; };
		4CF12E6122C5F701008C8B70 /* ViewController.h */ = {isa = PBXFileReference; lastKnownFileType = sourcecode.c.h; path = ViewController.h; sourceTree = "<group>"; };
		4CF12E6222C5F701008C8B70 /* ViewController.m */ = {isa = PBXFileReference; lastKnownFileType = sourcecode.c.objc; path = ViewController.m; sourceTree = "<group>"; };
		4CF12E6522C5F701008C8B70 /* Base */ = {isa = PBXFileReference; lastKnownFileType = file.storyboard; name = Base; path = Base.lproj/Main.storyboard; sourceTree = "<group>"; };
		4CF12E6722C5F76A008C8B70 /* Assets.xcassets */ = {isa = PBXFileReference; lastKnownFileType = folder.assetcatalog; path = Assets.xcassets; sourceTree = "<group>"; };
		4CF12E6A22C5F76A008C8B70 /* Base */ = {isa = PBXFileReference; lastKnownFileType = file.storyboard; name = Base; path = Base.lproj/LaunchScreen.storyboard; sourceTree = "<group>"; };
		4CF12E6C22C5F76A008C8B70 /* Info.plist */ = {isa = PBXFileReference; lastKnownFileType = text.plist.xml; path = Info.plist; sourceTree = "<group>"; };
		4CF12E6D22C5F76A008C8B70 /* main.m */ = {isa = PBXFileReference; lastKnownFileType = sourcecode.c.objc; path = main.m; sourceTree = "<group>"; };
		4CF12E7422C5F856008C8B70 /* HYVertexAttribArrayBuffer.h */ = {isa = PBXFileReference; lastKnownFileType = sourcecode.c.h; path = HYVertexAttribArrayBuffer.h; sourceTree = "<group>"; };
		4CF12E7522C5F856008C8B70 /* HYVertexAttribArrayBuffer.m */ = {isa = PBXFileReference; lastKnownFileType = sourcecode.c.objc; path = HYVertexAttribArrayBuffer.m; sourceTree = "<group>"; };
/* End PBXFileReference section */

/* Begin PBXFrameworksBuildPhase section */
		4CF12E5822C5F701008C8B70 /* Frameworks */ = {
			isa = PBXFrameworksBuildPhase;
			buildActionMask = 2147483647;
			files = (
			);
			runOnlyForDeploymentPostprocessing = 0;
		};
/* End PBXFrameworksBuildPhase section */

/* Begin PBXGroup section */
		4CF12E5222C5F701008C8B70 = {
			isa = PBXGroup;
			children = (
				4CF12E5D22C5F701008C8B70 /* EmitterDemo */,
				4CF12E5C22C5F701008C8B70 /* Products */,
			);
			sourceTree = "<group>";
		};
		4CF12E5C22C5F701008C8B70 /* Products */ = {
			isa = PBXGroup;
			children = (
				4CF12E5B22C5F701008C8B70 /* EmitterDemo.app */,
			);
			name = Products;
			sourceTree = "<group>";
		};
		4CF12E5D22C5F701008C8B70 /* EmitterDemo */ = {
			isa = PBXGroup;
			children = (
				4CF12E5E22C5F701008C8B70 /* AppDelegate.h */,
				4CF12E5F22C5F701008C8B70 /* AppDelegate.m */,
				4CF12E6122C5F701008C8B70 /* ViewController.h */,
				4CF12E6222C5F701008C8B70 /* ViewController.m */,
				4CF12E7422C5F856008C8B70 /* HYVertexAttribArrayBuffer.h */,
				4CF12E7522C5F856008C8B70 /* HYVertexAttribArrayBuffer.m */,
				4CF12E6422C5F701008C8B70 /* Main.storyboard */,
				4CF12E6722C5F76A008C8B70 /* Assets.xcassets */,
				4CF12E6922C5F76A008C8B70 /* LaunchScreen.storyboard */,
				4CF12E6C22C5F76A008C8B70 /* Info.plist */,
				4CF12E6D22C5F76A008C8B70 /* main.m */,
			);
			path = EmitterDemo;
			sourceTree = "<group>";
		};
/* End PBXGroup section */

/* Begin PBXNativeTarget section */
		4CF12E5A22C5F701008C8B70 /* EmitterDemo */ = {
			isa = PBXNativeTarget;
			buildConfigurationList = 4CF12E7122C5F76B008C8B70 /* Build configuration list for PBXNativeTarget "EmitterDemo" */;
			buildPhases = (
				4CF12E5722C5F701008C8B70 /* Sources */,
				4CF12E5822C5F701008C8B70 /* Frameworks */,
				4CF12E5922C5F701008C8B70 /* Resources */,
			);
			buildRules = (
			);
			dependencies = (
			);
			name = EmitterDemo;
			productName = EmitterDemo;
			productReference = 4CF12E5B22C5F701008C8B70 /* EmitterDemo.app */;
			productType = "com.apple.product-type.application";
		};
/* End PBXNativeTarget section */

/* Begin PBXProject section */
		4CF12E5322C5F701008C8B70 /* Project object */ = {
			isa = PBXProject;
			attributes = {
				LastUpgradeCheck = 1020;
				ORGANIZATIONNAME = hys;
				TargetAttributes = {
					4CF12E5A22C5F701008C8B70 = {
						CreatedOnToolsVersion = 10.2.1;
					};
				};
			};
			buildConfigurationList = 4CF12E5622C5F701008C8B70 /* Build configuration list for PBXProject "EmitterDemo" */;
			compatibilityVersion = "Xcode 9.3";
			developmentRegion = en;
			hasScannedForEncodings = 0;
			knownRegions = (
				en,
				Base,
			);
			mainGroup = 4CF12E5222C5F701008C8B70;
			productRefGroup = 4CF12E5C22C5F701008C8B70 /* Products */;
			projectDirPath = "";
			projectRoot = "";
			targets = (
				4CF12E5A22C5F701008C8B70 /* EmitterDemo */,
			);
		};
/* End PBXProject section */

/* Begin PBXResourcesBuildPhase section */
		4CF12E5922C5F701008C8B70 /* Resources */ = {
			isa = PBXResourcesBuildPhase;
			buildActionMask = 2147483647;
			files = (
				4CF12E6B22C5F76A008C8B70 /* LaunchScreen.storyboard in Resources */,
				4CF12E6822C5F76A008C8B70 /* Assets.xcassets in Resources */,
				4CF12E6622C5F701008C8B70 /* Main.storyboard in Resources */,
			);
			runOnlyForDeploymentPostprocessing = 0;
		};
/* End PBXResourcesBuildPhase section */

/* Begin PBXSourcesBuildPhase section */
		4CF12E5722C5F701008C8B70 /* Sources */ = {
			isa = PBXSourcesBuildPhase;
			buildActionMask = 2147483647;
			files = (
				4CF12E7622C5F856008C8B70 /* HYVertexAttribArrayBuffer.m in Sources */,
				4CF12E6322C5F701008C8B70 /* ViewController.m in Sources */,
				4CF12E6E22C5F76A008C8B70 /* main.m in Sources */,
				4CF12E6022C5F701008C8B70 /* AppDelegate.m in Sources */,
			);
			runOnlyForDeploymentPostprocessing = 0;
		};
/* End PBXSourcesBuildPhase section */

/* Begin PBXVariantGroup section */
		4CF12E6422C5F701008C8B70 /* Main.storyboard */ = {
			isa = PBXVariantGroup;
			children = (
				4CF12E6522C5F701008C8B70 /* Base */,
			);
			name = Main.storyboard;
			sourceTree = "<group>";
		};
		4CF12E6922C5F76A008C8B70 /* LaunchScreen.storyboard */ = {
			isa = PBXVariantGroup;
			children = (
				4CF12E6A22C5F76A008C8B70 /* Base */,
			);
			name = LaunchScreen.storyboard;
			sourceTree = "<group>";
		};
/* End PBXVariantGroup section */

/* Begin XCBuildConfiguration section */
		4CF12E6F22C5F76A008C8B70 /* Debug */ = {
			isa = XCBuildConfiguration;
			buildSettings = {
				ALWAYS_SEARCH_USER_PATHS = NO;
				CLANG_ANALYZER_NONNULL = YES;
				CLANG_ANALYZER_NUMBER_OBJECT_CONVERSION = YES_AGGRESSIVE;
				CLANG_CXX_LANGUAGE_STANDARD = "gnu++14";
				CLANG_CXX_LIBRARY = "libc++";
				CLANG_ENABLE_MODULES = YES;
				CLANG_ENABLE_OBJC_ARC = YES;
				CLANG_ENABLE_OBJC_WEAK = YES;
				CLANG_WARN_BLOCK_CAPTURE_AUTORELEASING = YES;
				CLANG_WARN_BOOL_CONVERSION = YES;
				CLANG_WARN_COMMA = YES;
				CLANG_WARN_CONSTANT_CONVERSION = YES;
				CLANG_WARN_DEPRECATED_OBJC_IMPLEMENTATIONS = YES;
				CLANG_WARN_DIRECT_OBJC_ISA_USAGE = YES_ERROR;
				CLANG_WARN_DOCUMENTATION_COMMENTS = YES;
				CLANG_WARN_EMPTY_BODY = YES;
				CLANG_WARN_ENUM_CONVERSION = YES;
				CLANG_WARN_INFINITE_RECURSION = YES;
				CLANG_WARN_INT_CONVERSION = YES;
				CLANG_WARN_NON_LITERAL_NULL_CONVERSION = YES;
				CLANG_WARN_OBJC_IMPLICIT_RETAIN_SELF = YES;
				CLANG_WARN_OBJC_LITERAL_CONVERSION = YES;
				CLANG_WARN_OBJC_ROOT_CLASS = YES_ERROR;
				CLANG_WARN_RANGE_LOOP_ANALYSIS = YES;
				CLANG_WARN_STRICT_PROTOTYPES = YES;
				CLANG_WARN_SUSPICIOUS_MOVE = YES;
				CLANG_WARN_UNGUARDED_AVAILABILITY = YES_AGGRESSIVE;
				CLANG_WARN_UNREACHABLE_CODE = YES;
				CLANG_WARN__DUPLICATE_METHOD_MATCH = YES;
				CODE_SIGN_IDENTITY = "iPhone Developer";
				COPY_PHASE_STRIP = NO;
				DEBUG_INFORMATION_FORMAT = dwarf;
				ENABLE_STRICT_OBJC_MSGSEND = YES;
				ENABLE_TESTABILITY = YES;
				GCC_C_LANGUAGE_STANDARD = gnu11;
				GCC_DYNAMIC_NO_PIC = NO;
				GCC_NO_COMMON_BLOCKS = YES;
				GCC_OPTIMIZATION_LEVEL = 0;
				GCC_PREPROCESSOR_DEFINITIONS = (
					"DEBUG=1",
					"$(inherited)",
				);
				GCC_WARN_64_TO_32_BIT_CONVERSION = YES;
				GCC_WARN_ABOUT_RETURN_TYPE = YES_ERROR;
				GCC_WARN_UNDECLARED_SELECTOR = YES;
				GCC_WARN_UNINITIALIZED_AUTOS = YES_AGGRESSIVE;
				GCC_WARN_UNUSED_FUNCTION = YES;
				GCC_WARN_UNUSED_VARIABLE = YES;
				IPHONEOS_DEPLOYMENT_TARGET = 11.0;
				MTL_ENABLE_DEBUG_INFO = INCLUDE_SOURCE;
				MTL_FAST_MATH = YES;
				ONLY_ACTIVE_ARCH = YES;
				SDKROOT = iphoneos;
			};
			name = Debug;
		};
		4CF12E7022C5F76B008C8B70 /* Release */ = {
			isa = XCBuildConfiguration;
			buildSettings = {
				ALWAYS_SEARCH_USER_PATHS = NO;
				CLANG_ANALYZER_NONNULL = YES;
				CLANG_ANALYZER_NUMBER_OBJECT_CONVERSION = YES_AGGRESSIVE;
				CLANG_CXX_LANGUAGE_STANDARD = "gnu++14";
				CLANG_CXX_LIBRARY = "libc++";
				CLANG_ENABLE_MODULES = YES;
				CLANG_ENABLE_OBJC_ARC = YES;
				CLANG_ENABLE_OBJC_WEAK = YES;
				CLANG_WARN_BLOCK_CAPTURE_AUTORELEASING = YES;
				CLANG_WARN_BOOL_CONVERSION = YES;
				CLANG_WARN_COMMA = YES;
				CLANG_WARN_CONSTANT_CONVERSION = YES;
				CLANG_WARN_DEPRECATED_OBJC_IMPLEMENTATIONS = YES;
				CLANG_WARN_DIRECT_OBJC_ISA_USAGE = YES_ERROR;
				CLANG_WARN_DOCUMENTATION_COMMENTS = YES;
				CLANG_WARN_EMPTY_BODY = YES;
				CLANG_WARN_ENUM_CONVERSION = YES;
				CLANG_WARN_INFINITE_RECURSION = YES;
				CLANG_WARN_INT_CONVERSION = YES;
				CLANG_WARN_NON_LITERAL_NULL_CONVERSION = YES;
				CLANG_WARN_OBJC_IMPLICIT_RETAIN_SELF = YES;
				CLANG_WARN_OBJC_LITERAL_CONVERSION = YES;
				CLANG_WARN_OBJC_ROOT_CLASS = YES_ERROR;
				CLANG_WARN_RANGE_LOOP_ANALYSIS = YES;
				CLANG_WARN_STRICT_PROTOTYPES = YES;
				CLANG_WARN_SUSPICIOUS_MOVE = YES;
				CLANG_WARN_UNGUARDED_AVAILABILITY = YES_AGGRESSIVE;
				CLANG_WARN_UNREACHABLE_CODE = YES;
				CLANG_WARN__DUPLICATE_METHOD_MATCH = YES;
				CODE_SIGN_IDENTITY = "iPhone Developer";
				COPY_PHASE_STRIP = NO;
				DEBUG_INFORMATION_FORMAT = "dwarf-with-dsym";
				ENABLE_NS_ASSERTIONS = NO;
				ENABLE_STRICT_OBJC_MSGSEND = YES;
				GCC_C_LANGUAGE_STANDARD = gnu11;
				GCC_NO_COMMON_BLOCKS = YES;
				GCC_WARN_64_TO_32_BIT_CONVERSION = YES;
				GCC_WARN_ABOUT_RETURN_TYPE = YES_ERROR;
				GCC_WARN_UNDECLARED_SELECTOR = YES;
				GCC_WARN_UNINITIALIZED_AUTOS = YES_AGGRESSIVE;
				GCC_WARN_UNUSED_FUNCTION = YES;
				GCC_WARN_UNUSED_VARIABLE = YES;
				IPHONEOS_DEPLOYMENT_TARGET = 11.0;
				MTL_ENABLE_DEBUG_INFO = NO;
				MTL_FAST_MATH = YES;
				SDKROOT = iphoneos;
				VALIDATE_PRODUCT = YES;
			};
			name = Release;
		};
		4CF12E7222C5F76B008C8B70 /* Debug */ = {
			isa = XCBuildConfiguration;
			buildSettings = {
				ASSETCATALOG_COMPILER_APPICON_NAME = AppIcon;
				CODE_SIGN_STYLE = Automatic;
				DEVELOPMENT_TEAM = PZ85ZFMCNZ;
				INFOPLIST_FILE = EmitterDemo/Info.plist;
				LD_RUNPATH_SEARCH_PATHS = (
					"$(inherited)",
					"@executable_path/Frameworks",
				);
				PRODUCT_BUNDLE_IDENTIFIER = com.hys.filter;
				PRODUCT_NAME = "$(TARGET_NAME)";
				TARGETED_DEVICE_FAMILY = "1,2";
			};
			name = Debug;
		};
		4CF12E7322C5F76B008C8B70 /* Release */ = {
			isa = XCBuildConfiguration;
			buildSettings = {
				ASSETCATALOG_COMPILER_APPICON_NAME = AppIcon;
				CODE_SIGN_STYLE = Automatic;
				DEVELOPMENT_TEAM = PZ85ZFMCNZ;
				INFOPLIST_FILE = EmitterDemo/Info.plist;
				LD_RUNPATH_SEARCH_PATHS = (
					"$(inherited)",
					"@executable_path/Frameworks",
				);
				PRODUCT_BUNDLE_IDENTIFIER = com.hys.filter;
				PRODUCT_NAME = "$(TARGET_NAME)";
				TARGETED_DEVICE_FAMILY = "1,2";
			};
			name = Release;
		};
/* End XCBuildConfiguration section */

/* Begin XCConfigurationList section */
		4CF12E5622C5F701008C8B70 /* Build configuration list for PBXProject "EmitterDemo" */ = {
			isa = XCConfigurationList;
			buildConfigurations = (
				4CF12E6F22C5F76A008C8B70 /* Debug */,
				4CF12E7022C5F76B008C8B70 /* Release */,
			);
			defaultConfigurationIsVisible = 0;
			defaultConfigurationName = Release;
		};
		4CF12E7122C5F76B008C8B70 /* Build configuration list for PBXNativeTarget "EmitterDemo" */ = {
			isa = XCConfigurationList;
			buildConfigurations = (
				4CF12E7222C5F76B008C8B70 /* Debug */,
				4CF12E7322C5F76B008C8B70 /* Release */,
			);
			defaultConfigurationIsVisible = 0;
			defaultConfigurationName = Release;
		};
/* End XCConfigurationList section */
	};
	rootObject = 4CF12E5322C5F701008C8B70 /* Project object */;
}
